
Microsoft Visual Studio Solution File, Format Version 12.00
# Visual Studio Version 16
VisualStudioVersion = 16.0.31410.357
MinimumVisualStudioVersion = 10.0.40219.1
Project("{FAE04EC0-301F-11D3-BF4B-00C04F79EFBC}") = "ProjectDepart", "ProjectDepart\ProjectDepart.csproj", "{95125752-A778-4E52-A3D3-82DBB98D094B}"
EndProject
Global
	GlobalSection(SolutionConfigurationPlatforms) = preSolution
		Debug|Any CPU = Debug|Any CPU
		Release|Any CPU = Release|Any CPU
	EndGlobalSection
	GlobalSection(ProjectConfigurationPlatforms) = postSolution
		{95125752-A778-4E52-A3D3-82DBB98D094B}.Debug|Any CPU.ActiveCfg = Debug|Any CPU
		{95125752-A778-4E52-A3D3-82DBB98D094B}.Debug|Any CPU.Build.0 = Debug|Any CPU
		{95125752-A778-4E52-A3D3-82DBB98D094B}.Release|Any CPU.ActiveCfg = Release|Any CPU
		{95125752-A778-4E52-A3D3-82DBB98D094B}.Release|Any CPU.Build.0 = Release|Any CPU
	EndGlobalSection
	GlobalSection(SolutionProperties) = preSolution
		HideSolutionNode = FALSE
	EndGlobalSection
	GlobalSection(ExtensibilityGlobals) = postSolution
		SolutionGuid = {944165B9-7ACF-4286-AD6C-AE28CE91917A}
	EndGlobalSection
EndGlobal
